
Microsoft Visual Studio Solution File, Format Version 12.00
# Visual Studio 15
VisualStudioVersion = 15.0.26124.0
MinimumVisualStudioVersion = 15.0.26124.0
Project("{FAE04EC0-301F-11D3-BF4B-00C04F79EFBC}") = "app", "app\app.csproj", "{EDBF53E6-EE8D-40E2-8D4A-E43870D9A27D}"
EndProject
Project("{2150E333-8FDC-42A3-9474-1A3956D46DE8}") = "lib", "lib", "{73FED002-A77E-4A37-B248-5944F8E084EE}"
EndProject
Project("{FAE04EC0-301F-11D3-BF4B-00C04F79EFBC}") = "electronic", "lib\electronic\electronic.csproj", "{DD678673-E775-4BC9-A32F-39B9E4AA3A8B}"
EndProject
Project("{2150E333-8FDC-42A3-9474-1A3956D46DE8}") = "tests", "tests", "{0E850519-BAE7-4325-B867-2FCBB1EBFB74}"
EndProject
Project("{FAE04EC0-301F-11D3-BF4B-00C04F79EFBC}") = "electronicTests", "tests\electronicTests\electronicTests.csproj", "{154618F3-98A2-48D7-83F2-822B6752B69C}"
EndProject
Global
	GlobalSection(SolutionConfigurationPlatforms) = preSolution
		Debug|Any CPU = Debug|Any CPU
		Debug|x64 = Debug|x64
		Debug|x86 = Debug|x86
		Release|Any CPU = Release|Any CPU
		Release|x64 = Release|x64
		Release|x86 = Release|x86
	EndGlobalSection
	GlobalSection(SolutionProperties) = preSolution
		HideSolutionNode = FALSE
	EndGlobalSection
	GlobalSection(ProjectConfigurationPlatforms) = postSolution
		{EDBF53E6-EE8D-40E2-8D4A-E43870D9A27D}.Debug|Any CPU.ActiveCfg = Debug|Any CPU
		{EDBF53E6-EE8D-40E2-8D4A-E43870D9A27D}.Debug|Any CPU.Build.0 = Debug|Any CPU
		{EDBF53E6-EE8D-40E2-8D4A-E43870D9A27D}.Debug|x64.ActiveCfg = Debug|Any CPU
		{EDBF53E6-EE8D-40E2-8D4A-E43870D9A27D}.Debug|x64.Build.0 = Debug|Any CPU
		{EDBF53E6-EE8D-40E2-8D4A-E43870D9A27D}.Debug|x86.ActiveCfg = Debug|Any CPU
		{EDBF53E6-EE8D-40E2-8D4A-E43870D9A27D}.Debug|x86.Build.0 = Debug|Any CPU
		{EDBF53E6-EE8D-40E2-8D4A-E43870D9A27D}.Release|Any CPU.ActiveCfg = Release|Any CPU
		{EDBF53E6-EE8D-40E2-8D4A-E43870D9A27D}.Release|Any CPU.Build.0 = Release|Any CPU
		{EDBF53E6-EE8D-40E2-8D4A-E43870D9A27D}.Release|x64.ActiveCfg = Release|Any CPU
		{EDBF53E6-EE8D-40E2-8D4A-E43870D9A27D}.Release|x64.Build.0 = Release|Any CPU
		{EDBF53E6-EE8D-40E2-8D4A-E43870D9A27D}.Release|x86.ActiveCfg = Release|Any CPU
		{EDBF53E6-EE8D-40E2-8D4A-E43870D9A27D}.Release|x86.Build.0 = Release|Any CPU
		{DD678673-E775-4BC9-A32F-39B9E4AA3A8B}.Debug|Any CPU.ActiveCfg = Debug|Any CPU
		{DD678673-E775-4BC9-A32F-39B9E4AA3A8B}.Debug|Any CPU.Build.0 = Debug|Any CPU
		{DD678673-E775-4BC9-A32F-39B9E4AA3A8B}.Debug|x64.ActiveCfg = Debug|Any CPU
		{DD678673-E775-4BC9-A32F-39B9E4AA3A8B}.Debug|x64.Build.0 = Debug|Any CPU
		{DD678673-E775-4BC9-A32F-39B9E4AA3A8B}.Debug|x86.ActiveCfg = Debug|Any CPU
		{DD678673-E775-4BC9-A32F-39B9E4AA3A8B}.Debug|x86.Build.0 = Debug|Any CPU
		{DD678673-E775-4BC9-A32F-39B9E4AA3A8B}.Release|Any CPU.ActiveCfg = Release|Any CPU
		{DD678673-E775-4BC9-A32F-39B9E4AA3A8B}.Release|Any CPU.Build.0 = Release|Any CPU
		{DD678673-E775-4BC9-A32F-39B9E4AA3A8B}.Release|x64.ActiveCfg = Release|Any CPU
		{DD678673-E775-4BC9-A32F-39B9E4AA3A8B}.Release|x64.Build.0 = Release|Any CPU
		{DD678673-E775-4BC9-A32F-39B9E4AA3A8B}.Release|x86.ActiveCfg = Release|Any CPU
		{DD678673-E775-4BC9-A32F-39B9E4AA3A8B}.Release|x86.Build.0 = Release|Any CPU
		{154618F3-98A2-48D7-83F2-822B6752B69C}.Debug|Any CPU.ActiveCfg = Debug|Any CPU
		{154618F3-98A2-48D7-83F2-822B6752B69C}.Debug|Any CPU.Build.0 = Debug|Any CPU
		{154618F3-98A2-48D7-83F2-822B6752B69C}.Debug|x64.ActiveCfg = Debug|Any CPU
		{154618F3-98A2-48D7-83F2-822B6752B69C}.Debug|x64.Build.0 = Debug|Any CPU
		{154618F3-98A2-48D7-83F2-822B6752B69C}.Debug|x86.ActiveCfg = Debug|Any CPU
		{154618F3-98A2-48D7-83F2-822B6752B69C}.Debug|x86.Build.0 = Debug|Any CPU
		{154618F3-98A2-48D7-83F2-822B6752B69C}.Release|Any CPU.ActiveCfg = Release|Any CPU
		{154618F3-98A2-48D7-83F2-822B6752B69C}.Release|Any CPU.Build.0 = Release|Any CPU
		{154618F3-98A2-48D7-83F2-822B6752B69C}.Release|x64.ActiveCfg = Release|Any CPU
		{154618F3-98A2-48D7-83F2-822B6752B69C}.Release|x64.Build.0 = Release|Any CPU
		{154618F3-98A2-48D7-83F2-822B6752B69C}.Release|x86.ActiveCfg = Release|Any CPU
		{154618F3-98A2-48D7-83F2-822B6752B69C}.Release|x86.Build.0 = Release|Any CPU
	EndGlobalSection
	GlobalSection(NestedProjects) = preSolution
		{DD678673-E775-4BC9-A32F-39B9E4AA3A8B} = {73FED002-A77E-4A37-B248-5944F8E084EE}
		{154618F3-98A2-48D7-83F2-822B6752B69C} = {0E850519-BAE7-4325-B867-2FCBB1EBFB74}
	EndGlobalSection
EndGlobal
